
Microsoft Visual Studio Solution File, Format Version 12.00
# Visual Studio 15
VisualStudioVersion = 15.0.28307.645
MinimumVisualStudioVersion = 10.0.40219.1
Project("{FAE04EC0-301F-11D3-BF4B-00C04F79EFBC}") = "SuperGame", "SuperGame\SuperGame.csproj", "{1E6846F1-F4AE-4AD3-8C32-00B7F7BEE5A9}"
EndProject
Global
	GlobalSection(SolutionConfigurationPlatforms) = preSolution
		Debug|Any CPU = Debug|Any CPU
		Release|Any CPU = Release|Any CPU
	EndGlobalSection
	GlobalSection(ProjectConfigurationPlatforms) = postSolution
		{1E6846F1-F4AE-4AD3-8C32-00B7F7BEE5A9}.Debug|Any CPU.ActiveCfg = Debug|Any CPU
		{1E6846F1-F4AE-4AD3-8C32-00B7F7BEE5A9}.Debug|Any CPU.Build.0 = Debug|Any CPU
		{1E6846F1-F4AE-4AD3-8C32-00B7F7BEE5A9}.Release|Any CPU.ActiveCfg = Release|Any CPU
		{1E6846F1-F4AE-4AD3-8C32-00B7F7BEE5A9}.Release|Any CPU.Build.0 = Release|Any CPU
	EndGlobalSection
	GlobalSection(SolutionProperties) = preSolution
		HideSolutionNode = FALSE
	EndGlobalSection
	GlobalSection(ExtensibilityGlobals) = postSolution
		SolutionGuid = {8F543A13-204E-4BAC-9F8A-D09B6A8150A8}
	EndGlobalSection
EndGlobal
